DEPENDENCIES
  eventlistenr
    path: .
    metadata: true

GRAPH
  apt (7.0.0)
  ark (3.1.0)
    build-essential (>= 0.0.0)
    seven_zip (>= 0.0.0)
    windows (>= 0.0.0)
  build-essential (8.1.1)
    mingw (>= 1.1)
    seven_zip (>= 0.0.0)
  eventlistenr (1.0.0)
    nginx (>= 0.0.0)
    nodejs (>= 0.0.0)
    postgres (>= 0.0.0)
    ruby-ng (>= 0.0.0)
    unicorn (>= 0.0.0)
  ipaddr_extensions (0.3.2)
  mingw (2.0.2)
    seven_zip (>= 0.0.0)
  nginx (8.1.2)
    build-essential (>= 0.0.0)
    ohai (>= 4.1.0)
    yum-epel (>= 0.0.0)
    zypper (>= 0.0.0)
  nodejs (5.0.0)
    ark (>= 2.0.2)
    build-essential (>= 0.0.0)
  ohai (5.2.2)
  paths (0.3.0)
  postgres (2.17.3)
    build-essential (>= 0.0.0)
    ipaddr_extensions (>= 0.0.0)
    paths (>= 0.0.0)
    rbac (>= 0.0.0)
    resource-control (>= 0.0.0)
    smf (>= 2.0.1)
  rbac (1.0.3)
  resource-control (0.1.2)
  ruby-ng (0.3.0)
    apt (>= 0.0.0)
    build-essential (>= 0.0.0)
  seven_zip (2.0.2)
    windows (>= 1.2.2)
  smf (2.2.8)
    rbac (>= 1.0.1)
  unicorn (2.1.2)
    build-essential (>= 0.0.0)
  windows (4.1.4)
  yum-epel (3.1.0)
  zypper (0.4.0)
